
Microsoft Visual Studio Solution File, Format Version 12.00
# Visual Studio 15
VisualStudioVersion = 15.0.27130.2027
MinimumVisualStudioVersion = 10.0.40219.1
Project("{FAE04EC0-301F-11D3-BF4B-00C04F79EFBC}") = "DatabaseTemplate", "DatabaseTemplate\DatabaseTemplate.csproj", "{21DF6A46-9A9C-4C50-ABB8-14BCA2EBDD6D}"
EndProject
Global
	GlobalSection(SolutionConfigurationPlatforms) = preSolution
		Debug|Any CPU = Debug|Any CPU
		Release|Any CPU = Release|Any CPU
	EndGlobalSection
	GlobalSection(ProjectConfigurationPlatforms) = postSolution
		{21DF6A46-9A9C-4C50-ABB8-14BCA2EBDD6D}.Debug|Any CPU.ActiveCfg = Debug|Any CPU
		{21DF6A46-9A9C-4C50-ABB8-14BCA2EBDD6D}.Debug|Any CPU.Build.0 = Debug|Any CPU
		{21DF6A46-9A9C-4C50-ABB8-14BCA2EBDD6D}.Release|Any CPU.ActiveCfg = Release|Any CPU
		{21DF6A46-9A9C-4C50-ABB8-14BCA2EBDD6D}.Release|Any CPU.Build.0 = Release|Any CPU
	EndGlobalSection
	GlobalSection(SolutionProperties) = preSolution
		HideSolutionNode = FALSE
	EndGlobalSection
	GlobalSection(ExtensibilityGlobals) = postSolution
		SolutionGuid = {F29BFA6C-69BE-489E-94C5-CCC431C28F0E}
	EndGlobalSection
EndGlobal
